
Microsoft Visual Studio Solution File, Format Version 12.00
# Visual Studio Version 17
VisualStudioVersion = 17.4.33213.308
MinimumVisualStudioVersion = 10.0.40219.1
Project("{F184B08F-C81C-45F6-A57F-5ABD9991F28F}") = "Jesalva_EDP", "Jesalva_EDP.vbproj", "{3531B8BA-CEBD-4680-B9E7-B5E63B79FBB8}"
EndProject
Project("{54435603-DBB4-11D2-8724-00A0C9A8B90C}") = "Shoekyou", "Shoekyou\Shoekyou.vdproj", "{7E53DC0F-6C42-41EC-B54D-2AF3DC28A292}"
EndProject
Global
	GlobalSection(SolutionConfigurationPlatforms) = preSolution
		Debug|Any CPU = Debug|Any CPU
		Release|Any CPU = Release|Any CPU
	EndGlobalSection
	GlobalSection(ProjectConfigurationPlatforms) = postSolution
		{3531B8BA-CEBD-4680-B9E7-B5E63B79FBB8}.Debug|Any CPU.ActiveCfg = Debug|Any CPU
		{3531B8BA-CEBD-4680-B9E7-B5E63B79FBB8}.Debug|Any CPU.Build.0 = Debug|Any CPU
		{3531B8BA-CEBD-4680-B9E7-B5E63B79FBB8}.Release|Any CPU.ActiveCfg = Release|Any CPU
		{3531B8BA-CEBD-4680-B9E7-B5E63B79FBB8}.Release|Any CPU.Build.0 = Release|Any CPU
		{7E53DC0F-6C42-41EC-B54D-2AF3DC28A292}.Debug|Any CPU.ActiveCfg = Debug
		{7E53DC0F-6C42-41EC-B54D-2AF3DC28A292}.Release|Any CPU.ActiveCfg = Release
	EndGlobalSection
	GlobalSection(SolutionProperties) = preSolution
		HideSolutionNode = FALSE
	EndGlobalSection
	GlobalSection(ExtensibilityGlobals) = postSolution
		SolutionGuid = {8B4EEBC2-BEEC-45A6-964A-77A6733D5862}
	EndGlobalSection
EndGlobal
